
Microsoft Visual Studio Solution File, Format Version 12.00
Project("{2150E333-8FDC-42A3-9474-1A3956D46DE8}") = "Application", "Application", "{68BD3D63-844C-427B-9008-0FC98000A13D}"
EndProject
Project("{2150E333-8FDC-42A3-9474-1A3956D46DE8}") = "Domain", "Domain", "{E2A838FA-EC9C-44BF-8C71-650D4DEAF295}"
EndProject
Project("{2150E333-8FDC-42A3-9474-1A3956D46DE8}") = "Infrastructure", "Infrastructure", "{1E32FB7A-9A6C-492F-B776-A83B09FE70FA}"
EndProject
Project("{2150E333-8FDC-42A3-9474-1A3956D46DE8}") = "Service", "Service", "{55F972D1-01F2-4786-B153-781597297AFE}"
EndProject
Project("{2150E333-8FDC-42A3-9474-1A3956D46DE8}") = "Transversal", "Transversal", "{AFD6EE69-D47D-4A99-9301-AF72CE27A540}"
EndProject
Project("{FAE04EC0-301F-11D3-BF4B-00C04F79EFBC}") = "Common", "Common\Common.csproj", "{B04B656D-BEBA-4029-899B-4E0D77A41DE4}"
EndProject
Project("{FAE04EC0-301F-11D3-BF4B-00C04F79EFBC}") = "Logging", "Logging\Logging.csproj", "{42621DBA-E507-45BE-B5B6-E1E33F831D82}"
EndProject
Project("{FAE04EC0-301F-11D3-BF4B-00C04F79EFBC}") = "Domain", "Domain\Domain.csproj", "{E20F0006-643F-4F5D-BB81-BC94ABC864B5}"
EndProject
Project("{FAE04EC0-301F-11D3-BF4B-00C04F79EFBC}") = "DTO", "DTO\DTO.csproj", "{EE12707E-DAFB-4B43-BE1D-8AB406E4E9DE}"
EndProject
Project("{FAE04EC0-301F-11D3-BF4B-00C04F79EFBC}") = "Interface", "Interface\Interface.csproj", "{D7FF3594-CD03-42BF-88BA-CE2FF9897658}"
EndProject
Project("{FAE04EC0-301F-11D3-BF4B-00C04F79EFBC}") = "UseCases", "UseCases\UseCases.csproj", "{59CDDDD8-1562-4378-8327-B38AB4F690D4}"
EndProject
Project("{FAE04EC0-301F-11D3-BF4B-00C04F79EFBC}") = "Validator", "Validator\Validator.csproj", "{06086134-C7E7-48A3-B9BA-270ACAA111E3}"
EndProject
Project("{FAE04EC0-301F-11D3-BF4B-00C04F79EFBC}") = "Persistence", "Persistence\Persistence.csproj", "{BB3697A5-7CD5-4169-A69A-18D880960670}"
EndProject
Project("{FAE04EC0-301F-11D3-BF4B-00C04F79EFBC}") = "WebApi", "WebApi\WebApi.csproj", "{D23EFF81-C47D-400C-9F75-38044588C05D}"
EndProject
Global
	GlobalSection(SolutionConfigurationPlatforms) = preSolution
		Debug|Any CPU = Debug|Any CPU
		Release|Any CPU = Release|Any CPU
	EndGlobalSection
	GlobalSection(ProjectConfigurationPlatforms) = postSolution
		{B04B656D-BEBA-4029-899B-4E0D77A41DE4}.Debug|Any CPU.ActiveCfg = Debug|Any CPU
		{B04B656D-BEBA-4029-899B-4E0D77A41DE4}.Debug|Any CPU.Build.0 = Debug|Any CPU
		{B04B656D-BEBA-4029-899B-4E0D77A41DE4}.Release|Any CPU.ActiveCfg = Release|Any CPU
		{B04B656D-BEBA-4029-899B-4E0D77A41DE4}.Release|Any CPU.Build.0 = Release|Any CPU
		{42621DBA-E507-45BE-B5B6-E1E33F831D82}.Debug|Any CPU.ActiveCfg = Debug|Any CPU
		{42621DBA-E507-45BE-B5B6-E1E33F831D82}.Debug|Any CPU.Build.0 = Debug|Any CPU
		{42621DBA-E507-45BE-B5B6-E1E33F831D82}.Release|Any CPU.ActiveCfg = Release|Any CPU
		{42621DBA-E507-45BE-B5B6-E1E33F831D82}.Release|Any CPU.Build.0 = Release|Any CPU
		{E20F0006-643F-4F5D-BB81-BC94ABC864B5}.Debug|Any CPU.ActiveCfg = Debug|Any CPU
		{E20F0006-643F-4F5D-BB81-BC94ABC864B5}.Debug|Any CPU.Build.0 = Debug|Any CPU
		{E20F0006-643F-4F5D-BB81-BC94ABC864B5}.Release|Any CPU.ActiveCfg = Release|Any CPU
		{E20F0006-643F-4F5D-BB81-BC94ABC864B5}.Release|Any CPU.Build.0 = Release|Any CPU
		{EE12707E-DAFB-4B43-BE1D-8AB406E4E9DE}.Debug|Any CPU.ActiveCfg = Debug|Any CPU
		{EE12707E-DAFB-4B43-BE1D-8AB406E4E9DE}.Debug|Any CPU.Build.0 = Debug|Any CPU
		{EE12707E-DAFB-4B43-BE1D-8AB406E4E9DE}.Release|Any CPU.ActiveCfg = Release|Any CPU
		{EE12707E-DAFB-4B43-BE1D-8AB406E4E9DE}.Release|Any CPU.Build.0 = Release|Any CPU
		{D7FF3594-CD03-42BF-88BA-CE2FF9897658}.Debug|Any CPU.ActiveCfg = Debug|Any CPU
		{D7FF3594-CD03-42BF-88BA-CE2FF9897658}.Debug|Any CPU.Build.0 = Debug|Any CPU
		{D7FF3594-CD03-42BF-88BA-CE2FF9897658}.Release|Any CPU.ActiveCfg = Release|Any CPU
		{D7FF3594-CD03-42BF-88BA-CE2FF9897658}.Release|Any CPU.Build.0 = Release|Any CPU
		{59CDDDD8-1562-4378-8327-B38AB4F690D4}.Debug|Any CPU.ActiveCfg = Debug|Any CPU
		{59CDDDD8-1562-4378-8327-B38AB4F690D4}.Debug|Any CPU.Build.0 = Debug|Any CPU
		{59CDDDD8-1562-4378-8327-B38AB4F690D4}.Release|Any CPU.ActiveCfg = Release|Any CPU
		{59CDDDD8-1562-4378-8327-B38AB4F690D4}.Release|Any CPU.Build.0 = Release|Any CPU
		{06086134-C7E7-48A3-B9BA-270ACAA111E3}.Debug|Any CPU.ActiveCfg = Debug|Any CPU
		{06086134-C7E7-48A3-B9BA-270ACAA111E3}.Debug|Any CPU.Build.0 = Debug|Any CPU
		{06086134-C7E7-48A3-B9BA-270ACAA111E3}.Release|Any CPU.ActiveCfg = Release|Any CPU
		{06086134-C7E7-48A3-B9BA-270ACAA111E3}.Release|Any CPU.Build.0 = Release|Any CPU
		{BB3697A5-7CD5-4169-A69A-18D880960670}.Debug|Any CPU.ActiveCfg = Debug|Any CPU
		{BB3697A5-7CD5-4169-A69A-18D880960670}.Debug|Any CPU.Build.0 = Debug|Any CPU
		{BB3697A5-7CD5-4169-A69A-18D880960670}.Release|Any CPU.ActiveCfg = Release|Any CPU
		{BB3697A5-7CD5-4169-A69A-18D880960670}.Release|Any CPU.Build.0 = Release|Any CPU
		{D23EFF81-C47D-400C-9F75-38044588C05D}.Debug|Any CPU.ActiveCfg = Debug|Any CPU
		{D23EFF81-C47D-400C-9F75-38044588C05D}.Debug|Any CPU.Build.0 = Debug|Any CPU
		{D23EFF81-C47D-400C-9F75-38044588C05D}.Release|Any CPU.ActiveCfg = Release|Any CPU
		{D23EFF81-C47D-400C-9F75-38044588C05D}.Release|Any CPU.Build.0 = Release|Any CPU
	EndGlobalSection
	GlobalSection(NestedProjects) = preSolution
		{B04B656D-BEBA-4029-899B-4E0D77A41DE4} = {AFD6EE69-D47D-4A99-9301-AF72CE27A540}
		{42621DBA-E507-45BE-B5B6-E1E33F831D82} = {AFD6EE69-D47D-4A99-9301-AF72CE27A540}
		{E20F0006-643F-4F5D-BB81-BC94ABC864B5} = {E2A838FA-EC9C-44BF-8C71-650D4DEAF295}
		{EE12707E-DAFB-4B43-BE1D-8AB406E4E9DE} = {68BD3D63-844C-427B-9008-0FC98000A13D}
		{D7FF3594-CD03-42BF-88BA-CE2FF9897658} = {68BD3D63-844C-427B-9008-0FC98000A13D}
		{59CDDDD8-1562-4378-8327-B38AB4F690D4} = {68BD3D63-844C-427B-9008-0FC98000A13D}
		{06086134-C7E7-48A3-B9BA-270ACAA111E3} = {68BD3D63-844C-427B-9008-0FC98000A13D}
		{BB3697A5-7CD5-4169-A69A-18D880960670} = {1E32FB7A-9A6C-492F-B776-A83B09FE70FA}
		{D23EFF81-C47D-400C-9F75-38044588C05D} = {55F972D1-01F2-4786-B153-781597297AFE}
	EndGlobalSection
EndGlobal
